
Microsoft Visual Studio Solution File, Format Version 12.00
# Visual Studio Version 17
VisualStudioVersion = 17.10.35122.118
MinimumVisualStudioVersion = 10.0.40219.1
Project("{9A19103F-16F7-4668-BE54-9A1E7A4F7556}") = "FactoryPattern", "FactoryPattern\FactoryPattern.csproj", "{2F8A80D3-C04B-44E4-8C6F-245A49146FC6}"
EndProject
Project("{9A19103F-16F7-4668-BE54-9A1E7A4F7556}") = "BuilderPattern", "BuilderPattern\BuilderPattern.csproj", "{421E41FF-3268-46F9-BFCF-9A768A5AEE06}"
EndProject
Project("{9A19103F-16F7-4668-BE54-9A1E7A4F7556}") = "AbstractFactoryPattern", "AbstractFactoryPattern\AbstractFactoryPattern.csproj", "{511DBBA3-64A3-4909-8D41-D102589C59E7}"
EndProject
Project("{9A19103F-16F7-4668-BE54-9A1E7A4F7556}") = "SingletonPattern", "SingletonPattern\SingletonPattern.csproj", "{4475F444-B914-4915-9424-77358346C5B2}"
EndProject
Project("{9A19103F-16F7-4668-BE54-9A1E7A4F7556}") = "PrototypePattern", "PrototypePattern\PrototypePattern.csproj", "{A21F352F-9C71-4D1F-8D28-BD25BBEFFEE0}"
EndProject
Project("{9A19103F-16F7-4668-BE54-9A1E7A4F7556}") = "ThrowExample", "ThrowExample\ThrowExample.csproj", "{F6EBE8AC-99B3-4AAF-AB77-AC36F231CA72}"
EndProject
Project("{9A19103F-16F7-4668-BE54-9A1E7A4F7556}") = "FacadePattern", "FacadePattern\FacadePattern.csproj", "{E8D25719-439B-4DBB-909B-DE1A2F0C8970}"
EndProject
Project("{2150E333-8FDC-42A3-9474-1A3956D46DE8}") = "Creational", "Creational", "{0C5E6FED-7D1C-443A-978A-7D85464E2EFB}"
EndProject
Project("{2150E333-8FDC-42A3-9474-1A3956D46DE8}") = "Structural", "Structural", "{B2910F46-8D02-4D7B-A807-B758B9E780B3}"
EndProject
Project("{9A19103F-16F7-4668-BE54-9A1E7A4F7556}") = "AdapterPattern", "AdapterPattern\AdapterPattern.csproj", "{D86C48B4-7BEC-4272-B283-ABF4DFBFA838}"
EndProject
Project("{9A19103F-16F7-4668-BE54-9A1E7A4F7556}") = "ProxyPattern", "ProxyPattern\ProxyPattern.csproj", "{CCB53CAB-B1BB-4F5B-B364-07A0C1353C3E}"
EndProject
Project("{9A19103F-16F7-4668-BE54-9A1E7A4F7556}") = "BridgePattern", "BridgePattern\BridgePattern.csproj", "{36A5F5EC-6DA5-4795-8F51-26B2067E8BE7}"
EndProject
Project("{9A19103F-16F7-4668-BE54-9A1E7A4F7556}") = "DecoratorPattern", "DecoratorPattern\DecoratorPattern.csproj", "{1FBCA625-15F0-4D31-ACD1-B28F83BA7579}"
EndProject
Project("{9A19103F-16F7-4668-BE54-9A1E7A4F7556}") = "CompositePattern", "CompositePattern\CompositePattern.csproj", "{108467B9-7BBE-4F41-B862-6780F32F9FF5}"
EndProject
Project("{2150E333-8FDC-42A3-9474-1A3956D46DE8}") = "Behavioral", "Behavioral", "{286D0BB7-642C-48CC-B986-B0854C2E9D27}"
EndProject
Project("{9A19103F-16F7-4668-BE54-9A1E7A4F7556}") = "StartegyPattern", "StartegyPattern\StartegyPattern.csproj", "{41115692-B284-4506-B0D0-77F2E99AFEC2}"
EndProject
Project("{9A19103F-16F7-4668-BE54-9A1E7A4F7556}") = "StrategyPattern2", "StrategyPattern2\StrategyPattern2.csproj", "{883A3249-19E3-475D-9D4D-4BE1C6A4D99A}"
EndProject
Project("{FAE04EC0-301F-11D3-BF4B-00C04F79EFBC}") = "CommandPattern", "CommandPattern\CommandPattern.csproj", "{01FDB2D5-D98E-4C53-8AED-13375471D9CE}"
EndProject
Project("{FAE04EC0-301F-11D3-BF4B-00C04F79EFBC}") = "StatePattern", "StatePattern\StatePattern.csproj", "{308D5052-D3B9-4876-8268-217CE8CCCF9B}"
EndProject
Project("{FAE04EC0-301F-11D3-BF4B-00C04F79EFBC}") = "TepmlatePattern", "Templa\TepmlatePattern.csproj", "{B85D8E06-F074-4CE1-B725-0991CEE01945}"
EndProject
Project("{FAE04EC0-301F-11D3-BF4B-00C04F79EFBC}") = "ChainofResponsibilityPattern", "ChainofResponsibilityPattern\ChainofResponsibilityPattern.csproj", "{1AB391C9-1F74-4DBF-B14D-FC5368278973}"
EndProject
Global
	GlobalSection(SolutionConfigurationPlatforms) = preSolution
		Debug|Any CPU = Debug|Any CPU
		Release|Any CPU = Release|Any CPU
	EndGlobalSection
	GlobalSection(ProjectConfigurationPlatforms) = postSolution
		{2F8A80D3-C04B-44E4-8C6F-245A49146FC6}.Debug|Any CPU.ActiveCfg = Debug|Any CPU
		{2F8A80D3-C04B-44E4-8C6F-245A49146FC6}.Debug|Any CPU.Build.0 = Debug|Any CPU
		{2F8A80D3-C04B-44E4-8C6F-245A49146FC6}.Release|Any CPU.ActiveCfg = Release|Any CPU
		{2F8A80D3-C04B-44E4-8C6F-245A49146FC6}.Release|Any CPU.Build.0 = Release|Any CPU
		{421E41FF-3268-46F9-BFCF-9A768A5AEE06}.Debug|Any CPU.ActiveCfg = Debug|Any CPU
		{421E41FF-3268-46F9-BFCF-9A768A5AEE06}.Debug|Any CPU.Build.0 = Debug|Any CPU
		{421E41FF-3268-46F9-BFCF-9A768A5AEE06}.Release|Any CPU.ActiveCfg = Release|Any CPU
		{421E41FF-3268-46F9-BFCF-9A768A5AEE06}.Release|Any CPU.Build.0 = Release|Any CPU
		{511DBBA3-64A3-4909-8D41-D102589C59E7}.Debug|Any CPU.ActiveCfg = Debug|Any CPU
		{511DBBA3-64A3-4909-8D41-D102589C59E7}.Debug|Any CPU.Build.0 = Debug|Any CPU
		{511DBBA3-64A3-4909-8D41-D102589C59E7}.Release|Any CPU.ActiveCfg = Release|Any CPU
		{511DBBA3-64A3-4909-8D41-D102589C59E7}.Release|Any CPU.Build.0 = Release|Any CPU
		{4475F444-B914-4915-9424-77358346C5B2}.Debug|Any CPU.ActiveCfg = Debug|Any CPU
		{4475F444-B914-4915-9424-77358346C5B2}.Debug|Any CPU.Build.0 = Debug|Any CPU
		{4475F444-B914-4915-9424-77358346C5B2}.Release|Any CPU.ActiveCfg = Release|Any CPU
		{4475F444-B914-4915-9424-77358346C5B2}.Release|Any CPU.Build.0 = Release|Any CPU
		{A21F352F-9C71-4D1F-8D28-BD25BBEFFEE0}.Debug|Any CPU.ActiveCfg = Debug|Any CPU
		{A21F352F-9C71-4D1F-8D28-BD25BBEFFEE0}.Debug|Any CPU.Build.0 = Debug|Any CPU
		{A21F352F-9C71-4D1F-8D28-BD25BBEFFEE0}.Release|Any CPU.ActiveCfg = Release|Any CPU
		{A21F352F-9C71-4D1F-8D28-BD25BBEFFEE0}.Release|Any CPU.Build.0 = Release|Any CPU
		{F6EBE8AC-99B3-4AAF-AB77-AC36F231CA72}.Debug|Any CPU.ActiveCfg = Debug|Any CPU
		{F6EBE8AC-99B3-4AAF-AB77-AC36F231CA72}.Debug|Any CPU.Build.0 = Debug|Any CPU
		{F6EBE8AC-99B3-4AAF-AB77-AC36F231CA72}.Release|Any CPU.ActiveCfg = Release|Any CPU
		{F6EBE8AC-99B3-4AAF-AB77-AC36F231CA72}.Release|Any CPU.Build.0 = Release|Any CPU
		{E8D25719-439B-4DBB-909B-DE1A2F0C8970}.Debug|Any CPU.ActiveCfg = Debug|Any CPU
		{E8D25719-439B-4DBB-909B-DE1A2F0C8970}.Debug|Any CPU.Build.0 = Debug|Any CPU
		{E8D25719-439B-4DBB-909B-DE1A2F0C8970}.Release|Any CPU.ActiveCfg = Release|Any CPU
		{E8D25719-439B-4DBB-909B-DE1A2F0C8970}.Release|Any CPU.Build.0 = Release|Any CPU
		{D86C48B4-7BEC-4272-B283-ABF4DFBFA838}.Debug|Any CPU.ActiveCfg = Debug|Any CPU
		{D86C48B4-7BEC-4272-B283-ABF4DFBFA838}.Debug|Any CPU.Build.0 = Debug|Any CPU
		{D86C48B4-7BEC-4272-B283-ABF4DFBFA838}.Release|Any CPU.ActiveCfg = Release|Any CPU
		{D86C48B4-7BEC-4272-B283-ABF4DFBFA838}.Release|Any CPU.Build.0 = Release|Any CPU
		{CCB53CAB-B1BB-4F5B-B364-07A0C1353C3E}.Debug|Any CPU.ActiveCfg = Debug|Any CPU
		{CCB53CAB-B1BB-4F5B-B364-07A0C1353C3E}.Debug|Any CPU.Build.0 = Debug|Any CPU
		{CCB53CAB-B1BB-4F5B-B364-07A0C1353C3E}.Release|Any CPU.ActiveCfg = Release|Any CPU
		{CCB53CAB-B1BB-4F5B-B364-07A0C1353C3E}.Release|Any CPU.Build.0 = Release|Any CPU
		{36A5F5EC-6DA5-4795-8F51-26B2067E8BE7}.Debug|Any CPU.ActiveCfg = Debug|Any CPU
		{36A5F5EC-6DA5-4795-8F51-26B2067E8BE7}.Debug|Any CPU.Build.0 = Debug|Any CPU
		{36A5F5EC-6DA5-4795-8F51-26B2067E8BE7}.Release|Any CPU.ActiveCfg = Release|Any CPU
		{36A5F5EC-6DA5-4795-8F51-26B2067E8BE7}.Release|Any CPU.Build.0 = Release|Any CPU
		{1FBCA625-15F0-4D31-ACD1-B28F83BA7579}.Debug|Any CPU.ActiveCfg = Debug|Any CPU
		{1FBCA625-15F0-4D31-ACD1-B28F83BA7579}.Debug|Any CPU.Build.0 = Debug|Any CPU
		{1FBCA625-15F0-4D31-ACD1-B28F83BA7579}.Release|Any CPU.ActiveCfg = Release|Any CPU
		{1FBCA625-15F0-4D31-ACD1-B28F83BA7579}.Release|Any CPU.Build.0 = Release|Any CPU
		{108467B9-7BBE-4F41-B862-6780F32F9FF5}.Debug|Any CPU.ActiveCfg = Debug|Any CPU
		{108467B9-7BBE-4F41-B862-6780F32F9FF5}.Debug|Any CPU.Build.0 = Debug|Any CPU
		{108467B9-7BBE-4F41-B862-6780F32F9FF5}.Release|Any CPU.ActiveCfg = Release|Any CPU
		{108467B9-7BBE-4F41-B862-6780F32F9FF5}.Release|Any CPU.Build.0 = Release|Any CPU
		{41115692-B284-4506-B0D0-77F2E99AFEC2}.Debug|Any CPU.ActiveCfg = Debug|Any CPU
		{41115692-B284-4506-B0D0-77F2E99AFEC2}.Debug|Any CPU.Build.0 = Debug|Any CPU
		{41115692-B284-4506-B0D0-77F2E99AFEC2}.Release|Any CPU.ActiveCfg = Release|Any CPU
		{41115692-B284-4506-B0D0-77F2E99AFEC2}.Release|Any CPU.Build.0 = Release|Any CPU
		{883A3249-19E3-475D-9D4D-4BE1C6A4D99A}.Debug|Any CPU.ActiveCfg = Debug|Any CPU
		{883A3249-19E3-475D-9D4D-4BE1C6A4D99A}.Debug|Any CPU.Build.0 = Debug|Any CPU
		{883A3249-19E3-475D-9D4D-4BE1C6A4D99A}.Release|Any CPU.ActiveCfg = Release|Any CPU
		{883A3249-19E3-475D-9D4D-4BE1C6A4D99A}.Release|Any CPU.Build.0 = Release|Any CPU
		{01FDB2D5-D98E-4C53-8AED-13375471D9CE}.Debug|Any CPU.ActiveCfg = Debug|Any CPU
		{01FDB2D5-D98E-4C53-8AED-13375471D9CE}.Debug|Any CPU.Build.0 = Debug|Any CPU
		{01FDB2D5-D98E-4C53-8AED-13375471D9CE}.Release|Any CPU.ActiveCfg = Release|Any CPU
		{01FDB2D5-D98E-4C53-8AED-13375471D9CE}.Release|Any CPU.Build.0 = Release|Any CPU
		{308D5052-D3B9-4876-8268-217CE8CCCF9B}.Debug|Any CPU.ActiveCfg = Debug|Any CPU
		{308D5052-D3B9-4876-8268-217CE8CCCF9B}.Debug|Any CPU.Build.0 = Debug|Any CPU
		{308D5052-D3B9-4876-8268-217CE8CCCF9B}.Release|Any CPU.ActiveCfg = Release|Any CPU
		{308D5052-D3B9-4876-8268-217CE8CCCF9B}.Release|Any CPU.Build.0 = Release|Any CPU
		{B85D8E06-F074-4CE1-B725-0991CEE01945}.Debug|Any CPU.ActiveCfg = Debug|Any CPU
		{B85D8E06-F074-4CE1-B725-0991CEE01945}.Debug|Any CPU.Build.0 = Debug|Any CPU
		{B85D8E06-F074-4CE1-B725-0991CEE01945}.Release|Any CPU.ActiveCfg = Release|Any CPU
		{B85D8E06-F074-4CE1-B725-0991CEE01945}.Release|Any CPU.Build.0 = Release|Any CPU
		{1AB391C9-1F74-4DBF-B14D-FC5368278973}.Debug|Any CPU.ActiveCfg = Debug|Any CPU
		{1AB391C9-1F74-4DBF-B14D-FC5368278973}.Debug|Any CPU.Build.0 = Debug|Any CPU
		{1AB391C9-1F74-4DBF-B14D-FC5368278973}.Release|Any CPU.ActiveCfg = Release|Any CPU
		{1AB391C9-1F74-4DBF-B14D-FC5368278973}.Release|Any CPU.Build.0 = Release|Any CPU
	EndGlobalSection
	GlobalSection(SolutionProperties) = preSolution
		HideSolutionNode = FALSE
	EndGlobalSection
	GlobalSection(NestedProjects) = preSolution
		{2F8A80D3-C04B-44E4-8C6F-245A49146FC6} = {0C5E6FED-7D1C-443A-978A-7D85464E2EFB}
		{421E41FF-3268-46F9-BFCF-9A768A5AEE06} = {0C5E6FED-7D1C-443A-978A-7D85464E2EFB}
		{511DBBA3-64A3-4909-8D41-D102589C59E7} = {0C5E6FED-7D1C-443A-978A-7D85464E2EFB}
		{4475F444-B914-4915-9424-77358346C5B2} = {0C5E6FED-7D1C-443A-978A-7D85464E2EFB}
		{A21F352F-9C71-4D1F-8D28-BD25BBEFFEE0} = {0C5E6FED-7D1C-443A-978A-7D85464E2EFB}
		{E8D25719-439B-4DBB-909B-DE1A2F0C8970} = {B2910F46-8D02-4D7B-A807-B758B9E780B3}
		{D86C48B4-7BEC-4272-B283-ABF4DFBFA838} = {B2910F46-8D02-4D7B-A807-B758B9E780B3}
		{CCB53CAB-B1BB-4F5B-B364-07A0C1353C3E} = {B2910F46-8D02-4D7B-A807-B758B9E780B3}
		{36A5F5EC-6DA5-4795-8F51-26B2067E8BE7} = {B2910F46-8D02-4D7B-A807-B758B9E780B3}
		{1FBCA625-15F0-4D31-ACD1-B28F83BA7579} = {B2910F46-8D02-4D7B-A807-B758B9E780B3}
		{108467B9-7BBE-4F41-B862-6780F32F9FF5} = {B2910F46-8D02-4D7B-A807-B758B9E780B3}
		{41115692-B284-4506-B0D0-77F2E99AFEC2} = {286D0BB7-642C-48CC-B986-B0854C2E9D27}
		{883A3249-19E3-475D-9D4D-4BE1C6A4D99A} = {286D0BB7-642C-48CC-B986-B0854C2E9D27}
		{01FDB2D5-D98E-4C53-8AED-13375471D9CE} = {286D0BB7-642C-48CC-B986-B0854C2E9D27}
		{308D5052-D3B9-4876-8268-217CE8CCCF9B} = {286D0BB7-642C-48CC-B986-B0854C2E9D27}
		{B85D8E06-F074-4CE1-B725-0991CEE01945} = {286D0BB7-642C-48CC-B986-B0854C2E9D27}
		{1AB391C9-1F74-4DBF-B14D-FC5368278973} = {286D0BB7-642C-48CC-B986-B0854C2E9D27}
	EndGlobalSection
	GlobalSection(ExtensibilityGlobals) = postSolution
		SolutionGuid = {B441C72D-6323-4ED4-9D67-1B05CD06CD97}
	EndGlobalSection
EndGlobal
